// !$*UTF8*$!
{
	archiveVersion = 1;
	classes = {
	};
	objectVersion = 50;
	objects = {

/* Begin PBXBuildFile section */
		7071198C61D37586C64E0D9B /* Pods_Parshanim.framework in Frameworks */ = {isa = PBXBuildFile; fileRef = 8736604FDEF61BBE9C97AEB7 /* Pods_Parshanim.framework */; };
		A510103409F4F9F174BB4516 /* Pods_ParshanimTests.framework in Frameworks */ = {isa = PBXBuildFile; fileRef = F030A521CC121527A846CDA6 /* Pods_ParshanimTests.framework */; };
		D420B2AD271EC00A00DFF878 /* User.swift in Sources */ = {isa = PBXBuildFile; fileRef = D420B2AC271EC00A00DFF878 /* User.swift */; };
		D47277B4272A031000F98936 /* ComposeView.swift in Sources */ = {isa = PBXBuildFile; fileRef = D47277B3272A031000F98936 /* ComposeView.swift */; };
		D47277B7272E063D00F98936 /* Constants.swift in Sources */ = {isa = PBXBuildFile; fileRef = D47277B6272E063D00F98936 /* Constants.swift */; };
		D47277BC272E0B1000F98936 /* Helper.swift in Sources */ = {isa = PBXBuildFile; fileRef = D47277BB272E0B1000F98936 /* Helper.swift */; };
		D47277BE273C262D00F98936 /* GoogleService-Info.plist in Resources */ = {isa = PBXBuildFile; fileRef = D47277BD273C262D00F98936 /* GoogleService-Info.plist */; };
		D4C3696927066FC000C36D03 /* ParshanimApp.swift in Sources */ = {isa = PBXBuildFile; fileRef = D4C3696827066FC000C36D03 /* ParshanimApp.swift */; };
		D4C3696B27066FC000C36D03 /* ContentView.swift in Sources */ = {isa = PBXBuildFile; fileRef = D4C3696A27066FC000C36D03 /* ContentView.swift */; };
		D4C3696D27066FC000C36D03 /* Assets.xcassets in Resources */ = {isa = PBXBuildFile; fileRef = D4C3696C27066FC000C36D03 /* Assets.xcassets */; };
		D4C3697027066FC000C36D03 /* Preview Assets.xcassets in Resources */ = {isa = PBXBuildFile; fileRef = D4C3696F27066FC000C36D03 /* Preview Assets.xcassets */; };
		D4C3697B27066FC000C36D03 /* ParshanimTests.swift in Sources */ = {isa = PBXBuildFile; fileRef = D4C3697A27066FC000C36D03 /* ParshanimTests.swift */; };
		D4C3698627066FC000C36D03 /* ParshanimUITests.swift in Sources */ = {isa = PBXBuildFile; fileRef = D4C3698527066FC000C36D03 /* ParshanimUITests.swift */; };
		D4C36994270677F200C36D03 /* ParashaList.json in Resources */ = {isa = PBXBuildFile; fileRef = D4C36993270677F200C36D03 /* ParashaList.json */; };
		D4C369982706798500C36D03 /* MainView.swift in Sources */ = {isa = PBXBuildFile; fileRef = D4C369972706798500C36D03 /* MainView.swift */; };
		D4C3699A27067A0300C36D03 /* FriendsView.swift in Sources */ = {isa = PBXBuildFile; fileRef = D4C3699927067A0300C36D03 /* FriendsView.swift */; };
		D4C3699C27067A7100C36D03 /* Parshiot.swift in Sources */ = {isa = PBXBuildFile; fileRef = D4C3699B27067A7100C36D03 /* Parshiot.swift */; };
		D4C3699F27067B5400C36D03 /* CodeableBundleExtension.swift in Sources */ = {isa = PBXBuildFile; fileRef = D4C3699E27067B5400C36D03 /* CodeableBundleExtension.swift */; };
		D4C369A4270A1C0C00C36D03 /* SettingsView.swift in Sources */ = {isa = PBXBuildFile; fileRef = D4C369A3270A1C0C00C36D03 /* SettingsView.swift */; };
		D4C369A627125D0700C36D03 /* ParashaDetailView.swift in Sources */ = {isa = PBXBuildFile; fileRef = D4C369A527125D0700C36D03 /* ParashaDetailView.swift */; };
		D4C369A92713A61A00C36D03 /* DvarToire.swift in Sources */ = {isa = PBXBuildFile; fileRef = D4C369A82713A61A00C36D03 /* DvarToire.swift */; };
		D4C369AC2713ABEB00C36D03 /* DivreToire.json in Resources */ = {isa = PBXBuildFile; fileRef = D4C369AB2713ABEB00C36D03 /* DivreToire.json */; };
		F05C174EDEA4C4504B52F660 /* Pods_Parshanim_ParshanimUITests.framework in Frameworks */ = {isa = PBXBuildFile; fileRef = 84F58A5C23357B5E456E1E00 /* Pods_Parshanim_ParshanimUITests.framework */; };
/* End PBXBuildFile section */

/* Begin PBXContainerItemProxy section */
		D4C3697727066FC000C36D03 /* PBXContainerItemProxy */ = {
			isa = PBXContainerItemProxy;
			containerPortal = D4C3695D27066FC000C36D03 /* Project object */;
			proxyType = 1;
			remoteGlobalIDString = D4C3696427066FC000C36D03;
			remoteInfo = Parshanim;
		};
		D4C3698227066FC000C36D03 /* PBXContainerItemProxy */ = {
			isa = PBXContainerItemProxy;
			containerPortal = D4C3695D27066FC000C36D03 /* Project object */;
			proxyType = 1;
			remoteGlobalIDString = D4C3696427066FC000C36D03;
			remoteInfo = Parshanim;
		};
/* End PBXContainerItemProxy section */

/* Begin PBXFileReference section */
		29077F52B7F83F1BBB8BE117 /* Pods-ParshanimTests.debug.xcconfig */ = {isa = PBXFileReference; includeInIndex = 1; lastKnownFileType = text.xcconfig; name = "Pods-ParshanimTests.debug.xcconfig"; path = "Target Support Files/Pods-ParshanimTests/Pods-ParshanimTests.debug.xcconfig"; sourceTree = "<group>"; };
		2F99846948E221C7673B2288 /* Pods-Parshanim.release.xcconfig */ = {isa = PBXFileReference; includeInIndex = 1; lastKnownFileType = text.xcconfig; name = "Pods-Parshanim.release.xcconfig"; path = "Target Support Files/Pods-Parshanim/Pods-Parshanim.release.xcconfig"; sourceTree = "<group>"; };
		53FD5D972685CD014C41A19F /* Pods-Parshanim-ParshanimUITests.debug.xcconfig */ = {isa = PBXFileReference; includeInIndex = 1; lastKnownFileType = text.xcconfig; name = "Pods-Parshanim-ParshanimUITests.debug.xcconfig"; path = "Target Support Files/Pods-Parshanim-ParshanimUITests/Pods-Parshanim-ParshanimUITests.debug.xcconfig"; sourceTree = "<group>"; };
		704BE083BFC86B07F4542D79 /* Pods-ParshanimTests.release.xcconfig */ = {isa = PBXFileReference; includeInIndex = 1; lastKnownFileType = text.xcconfig; name = "Pods-ParshanimTests.release.xcconfig"; path = "Target Support Files/Pods-ParshanimTests/Pods-ParshanimTests.release.xcconfig"; sourceTree = "<group>"; };
		75E0EFE3722CC7D560D92478 /* Pods-Parshanim-ParshanimUITests.release.xcconfig */ = {isa = PBXFileReference; includeInIndex = 1; lastKnownFileType = text.xcconfig; name = "Pods-Parshanim-ParshanimUITests.release.xcconfig"; path = "Target Support Files/Pods-Parshanim-ParshanimUITests/Pods-Parshanim-ParshanimUITests.release.xcconfig"; sourceTree = "<group>"; };
		84F58A5C23357B5E456E1E00 /* Pods_Parshanim_ParshanimUITests.framework */ = {isa = PBXFileReference; explicitFileType = wrapper.framework; includeInIndex = 0; path = Pods_Parshanim_ParshanimUITests.framework; sourceTree = BUILT_PRODUCTS_DIR; };
		8736604FDEF61BBE9C97AEB7 /* Pods_Parshanim.framework */ = {isa = PBXFileReference; explicitFileType = wrapper.framework; includeInIndex = 0; path = Pods_Parshanim.framework; sourceTree = BUILT_PRODUCTS_DIR; };
		AFF5CD6CF9AE0E522CE761B1 /* Pods-Parshanim.debug.xcconfig */ = {isa = PBXFileReference; includeInIndex = 1; lastKnownFileType = text.xcconfig; name = "Pods-Parshanim.debug.xcconfig"; path = "Target Support Files/Pods-Parshanim/Pods-Parshanim.debug.xcconfig"; sourceTree = "<group>"; };
		D420B2AC271EC00A00DFF878 /* User.swift */ = {isa = PBXFileReference; lastKnownFileType = sourcecode.swift; path = User.swift; sourceTree = "<group>"; };
		D47277B3272A031000F98936 /* ComposeView.swift */ = {isa = PBXFileReference; lastKnownFileType = sourcecode.swift; path = ComposeView.swift; sourceTree = "<group>"; };
		D47277B6272E063D00F98936 /* Constants.swift */ = {isa = PBXFileReference; lastKnownFileType = sourcecode.swift; path = Constants.swift; sourceTree = "<group>"; };
		D47277BB272E0B1000F98936 /* Helper.swift */ = {isa = PBXFileReference; lastKnownFileType = sourcecode.swift; path = Helper.swift; sourceTree = "<group>"; };
		D47277BD273C262D00F98936 /* GoogleService-Info.plist */ = {isa = PBXFileReference; fileEncoding = 4; lastKnownFileType = text.plist.xml; path = "GoogleService-Info.plist"; sourceTree = "<group>"; };
		D4C3696527066FC000C36D03 /* Parshanim.app */ = {isa = PBXFileReference; explicitFileType = wrapper.application; includeInIndex = 0; path = Parshanim.app; sourceTree = BUILT_PRODUCTS_DIR; };
		D4C3696827066FC000C36D03 /* ParshanimApp.swift */ = {isa = PBXFileReference; lastKnownFileType = sourcecode.swift; path = ParshanimApp.swift; sourceTree = "<group>"; };
		D4C3696A27066FC000C36D03 /* ContentView.swift */ = {isa = PBXFileReference; lastKnownFileType = sourcecode.swift; path = ContentView.swift; sourceTree = "<group>"; };
		D4C3696C27066FC000C36D03 /* Assets.xcassets */ = {isa = PBXFileReference; lastKnownFileType = folder.assetcatalog; path = Assets.xcassets; sourceTree = "<group>"; };
		D4C3696F27066FC000C36D03 /* Preview Assets.xcassets */ = {isa = PBXFileReference; lastKnownFileType = folder.assetcatalog; path = "Preview Assets.xcassets"; sourceTree = "<group>"; };
		D4C3697127066FC000C36D03 /* Info.plist */ = {isa = PBXFileReference; lastKnownFileType = text.plist.xml; path = Info.plist; sourceTree = "<group>"; };
		D4C3697627066FC000C36D03 /* ParshanimTests.xctest */ = {isa = PBXFileReference; explicitFileType = wrapper.cfbundle; includeInIndex = 0; path = ParshanimTests.xctest; sourceTree = BUILT_PRODUCTS_DIR; };
		D4C3697A27066FC000C36D03 /* ParshanimTests.swift */ = {isa = PBXFileReference; lastKnownFileType = sourcecode.swift; path = ParshanimTests.swift; sourceTree = "<group>"; };
		D4C3697C27066FC000C36D03 /* Info.plist */ = {isa = PBXFileReference; lastKnownFileType = text.plist.xml; path = Info.plist; sourceTree = "<group>"; };
		D4C3698127066FC000C36D03 /* ParshanimUITests.xctest */ = {isa = PBXFileReference; explicitFileType = wrapper.cfbundle; includeInIndex = 0; path = ParshanimUITests.xctest; sourceTree = BUILT_PRODUCTS_DIR; };
		D4C3698527066FC000C36D03 /* ParshanimUITests.swift */ = {isa = PBXFileReference; lastKnownFileType = sourcecode.swift; path = ParshanimUITests.swift; sourceTree = "<group>"; };
		D4C3698727066FC000C36D03 /* Info.plist */ = {isa = PBXFileReference; lastKnownFileType = text.plist.xml; path = Info.plist; sourceTree = "<group>"; };
		D4C36993270677F200C36D03 /* ParashaList.json */ = {isa = PBXFileReference; lastKnownFileType = text.json; path = ParashaList.json; sourceTree = "<group>"; };
		D4C369972706798500C36D03 /* MainView.swift */ = {isa = PBXFileReference; lastKnownFileType = sourcecode.swift; path = MainView.swift; sourceTree = "<group>"; };
		D4C3699927067A0300C36D03 /* FriendsView.swift */ = {isa = PBXFileReference; lastKnownFileType = sourcecode.swift; path = FriendsView.swift; sourceTree = "<group>"; };
		D4C3699B27067A7100C36D03 /* Parshiot.swift */ = {isa = PBXFileReference; lastKnownFileType = sourcecode.swift; path = Parshiot.swift; sourceTree = "<group>"; };
		D4C3699E27067B5400C36D03 /* CodeableBundleExtension.swift */ = {isa = PBXFileReference; lastKnownFileType = sourcecode.swift; path = CodeableBundleExtension.swift; sourceTree = "<group>"; };
		D4C369A3270A1C0C00C36D03 /* SettingsView.swift */ = {isa = PBXFileReference; lastKnownFileType = sourcecode.swift; path = SettingsView.swift; sourceTree = "<group>"; };
		D4C369A527125D0700C36D03 /* ParashaDetailView.swift */ = {isa = PBXFileReference; lastKnownFileType = sourcecode.swift; path = ParashaDetailView.swift; sourceTree = "<group>"; };
		D4C369A82713A61A00C36D03 /* DvarToire.swift */ = {isa = PBXFileReference; lastKnownFileType = sourcecode.swift; path = DvarToire.swift; sourceTree = "<group>"; };
		D4C369AB2713ABEB00C36D03 /* DivreToire.json */ = {isa = PBXFileReference; lastKnownFileType = text.json; path = DivreToire.json; sourceTree = "<group>"; };
		F030A521CC121527A846CDA6 /* Pods_ParshanimTests.framework */ = {isa = PBXFileReference; explicitFileType = wrapper.framework; includeInIndex = 0; path = Pods_ParshanimTests.framework; sourceTree = BUILT_PRODUCTS_DIR; };
/* End PBXFileReference section */

/* Begin PBXFrameworksBuildPhase section */
		D4C3696227066FC000C36D03 /* Frameworks */ = {
			isa = PBXFrameworksBuildPhase;
			buildActionMask = 2147483647;
			files = (
				7071198C61D37586C64E0D9B /* Pods_Parshanim.framework in Frameworks */,
			);
			runOnlyForDeploymentPostprocessing = 0;
		};
		D4C3697327066FC000C36D03 /* Frameworks */ = {
			isa = PBXFrameworksBuildPhase;
			buildActionMask = 2147483647;
			files = (
				A510103409F4F9F174BB4516 /* Pods_ParshanimTests.framework in Frameworks */,
			);
			runOnlyForDeploymentPostprocessing = 0;
		};
		D4C3697E27066FC000C36D03 /* Frameworks */ = {
			isa = PBXFrameworksBuildPhase;
			buildActionMask = 2147483647;
			files = (
				F05C174EDEA4C4504B52F660 /* Pods_Parshanim_ParshanimUITests.framework in Frameworks */,
			);
			runOnlyForDeploymentPostprocessing = 0;
		};
/* End PBXFrameworksBuildPhase section */

/* Begin PBXGroup section */
		8B08ABC75C10525049C1611F /* Frameworks */ = {
			isa = PBXGroup;
			children = (
				8736604FDEF61BBE9C97AEB7 /* Pods_Parshanim.framework */,
				84F58A5C23357B5E456E1E00 /* Pods_Parshanim_ParshanimUITests.framework */,
				F030A521CC121527A846CDA6 /* Pods_ParshanimTests.framework */,
			);
			name = Frameworks;
			sourceTree = "<group>";
		};
		9374F72200B95A1DE979E66B /* Pods */ = {
			isa = PBXGroup;
			children = (
				AFF5CD6CF9AE0E522CE761B1 /* Pods-Parshanim.debug.xcconfig */,
				2F99846948E221C7673B2288 /* Pods-Parshanim.release.xcconfig */,
				53FD5D972685CD014C41A19F /* Pods-Parshanim-ParshanimUITests.debug.xcconfig */,
				75E0EFE3722CC7D560D92478 /* Pods-Parshanim-ParshanimUITests.release.xcconfig */,
				29077F52B7F83F1BBB8BE117 /* Pods-ParshanimTests.debug.xcconfig */,
				704BE083BFC86B07F4542D79 /* Pods-ParshanimTests.release.xcconfig */,
			);
			name = Pods;
			path = Pods;
			sourceTree = "<group>";
		};
		D47277B5272E062C00F98936 /* Constants */ = {
			isa = PBXGroup;
			children = (
				D47277B6272E063D00F98936 /* Constants.swift */,
			);
			path = Constants;
			sourceTree = "<group>";
		};
		D47277B8272E0A7500F98936 /* Helpers */ = {
			isa = PBXGroup;
			children = (
				D47277BB272E0B1000F98936 /* Helper.swift */,
			);
			path = Helpers;
			sourceTree = "<group>";
		};
		D4C3695C27066FC000C36D03 = {
			isa = PBXGroup;
			children = (
				D4C3696727066FC000C36D03 /* Parshanim */,
				D4C3697927066FC000C36D03 /* ParshanimTests */,
				D4C3698427066FC000C36D03 /* ParshanimUITests */,
				D4C3696627066FC000C36D03 /* Products */,
				9374F72200B95A1DE979E66B /* Pods */,
				8B08ABC75C10525049C1611F /* Frameworks */,
			);
			sourceTree = "<group>";
		};
		D4C3696627066FC000C36D03 /* Products */ = {
			isa = PBXGroup;
			children = (
				D4C3696527066FC000C36D03 /* Parshanim.app */,
				D4C3697627066FC000C36D03 /* ParshanimTests.xctest */,
				D4C3698127066FC000C36D03 /* ParshanimUITests.xctest */,
			);
			name = Products;
			sourceTree = "<group>";
		};
		D4C3696727066FC000C36D03 /* Parshanim */ = {
			isa = PBXGroup;
			children = (
				D47277BD273C262D00F98936 /* GoogleService-Info.plist */,
				D47277B8272E0A7500F98936 /* Helpers */,
				D47277B5272E062C00F98936 /* Constants */,
				D4C369AA2713AB8E00C36D03 /* Data */,
				D4C369A72713A5F300C36D03 /* Models */,
				D4C369A027067B8500C36D03 /* Views */,
				D4C3699D27067B3300C36D03 /* Extension */,
				D4C3696827066FC000C36D03 /* ParshanimApp.swift */,
				D4C3696C27066FC000C36D03 /* Assets.xcassets */,
				D4C3697127066FC000C36D03 /* Info.plist */,
				D4C3696E27066FC000C36D03 /* Preview Content */,
				D4C369972706798500C36D03 /* MainView.swift */,
			);
			path = Parshanim;
			sourceTree = "<group>";
		};
		D4C3696E27066FC000C36D03 /* Preview Content */ = {
			isa = PBXGroup;
			children = (
				D4C3696F27066FC000C36D03 /* Preview Assets.xcassets */,
			);
			path = "Preview Content";
			sourceTree = "<group>";
		};
		D4C3697927066FC000C36D03 /* ParshanimTests */ = {
			isa = PBXGroup;
			children = (
				D4C3697A27066FC000C36D03 /* ParshanimTests.swift */,
				D4C3697C27066FC000C36D03 /* Info.plist */,
			);
			path = ParshanimTests;
			sourceTree = "<group>";
		};
		D4C3698427066FC000C36D03 /* ParshanimUITests */ = {
			isa = PBXGroup;
			children = (
				D4C3698527066FC000C36D03 /* ParshanimUITests.swift */,
				D4C3698727066FC000C36D03 /* Info.plist */,
			);
			path = ParshanimUITests;
			sourceTree = "<group>";
		};
		D4C3699D27067B3300C36D03 /* Extension */ = {
			isa = PBXGroup;
			children = (
				D4C3699E27067B5400C36D03 /* CodeableBundleExtension.swift */,
			);
			path = Extension;
			sourceTree = "<group>";
		};
		D4C369A027067B8500C36D03 /* Views */ = {
			isa = PBXGroup;
			children = (
				D4C3696A27066FC000C36D03 /* ContentView.swift */,
				D4C3699927067A0300C36D03 /* FriendsView.swift */,
				D4C369A3270A1C0C00C36D03 /* SettingsView.swift */,
				D4C369A527125D0700C36D03 /* ParashaDetailView.swift */,
				D47277B3272A031000F98936 /* ComposeView.swift */,
			);
			path = Views;
			sourceTree = "<group>";
		};
		D4C369A72713A5F300C36D03 /* Models */ = {
			isa = PBXGroup;
			children = (
				D4C3699B27067A7100C36D03 /* Parshiot.swift */,
				D4C369A82713A61A00C36D03 /* DvarToire.swift */,
				D420B2AC271EC00A00DFF878 /* User.swift */,
			);
			path = Models;
			sourceTree = "<group>";
		};
		D4C369AA2713AB8E00C36D03 /* Data */ = {
			isa = PBXGroup;
			children = (
				D4C36993270677F200C36D03 /* ParashaList.json */,
				D4C369AB2713ABEB00C36D03 /* DivreToire.json */,
			);
			path = Data;
			sourceTree = "<group>";
		};
/* End PBXGroup section */

/* Begin PBXNativeTarget section */
		D4C3696427066FC000C36D03 /* Parshanim */ = {
			isa = PBXNativeTarget;
			buildConfigurationList = D4C3698A27066FC000C36D03 /* Build configuration list for PBXNativeTarget "Parshanim" */;
			buildPhases = (
				4E8B9E2B9739160D97FBA48A /* [CP] Check Pods Manifest.lock */,
				D4C3696127066FC000C36D03 /* Sources */,
				D4C3696227066FC000C36D03 /* Frameworks */,
				D4C3696327066FC000C36D03 /* Resources */,
				9780CB08D1EEBC3A3D37E55A /* [CP] Embed Pods Frameworks */,
			);
			buildRules = (
			);
			dependencies = (
			);
			name = Parshanim;
			productName = Parshanim;
			productReference = D4C3696527066FC000C36D03 /* Parshanim.app */;
			productType = "com.apple.product-type.application";
		};
		D4C3697527066FC000C36D03 /* ParshanimTests */ = {
			isa = PBXNativeTarget;
			buildConfigurationList = D4C3698D27066FC000C36D03 /* Build configuration list for PBXNativeTarget "ParshanimTests" */;
			buildPhases = (
				31032C39EAA68B6706E99B9A /* [CP] Check Pods Manifest.lock */,
				D4C3697227066FC000C36D03 /* Sources */,
				D4C3697327066FC000C36D03 /* Frameworks */,
				D4C3697427066FC000C36D03 /* Resources */,
			);
			buildRules = (
			);
			dependencies = (
				D4C3697827066FC000C36D03 /* PBXTargetDependency */,
			);
			name = ParshanimTests;
			productName = ParshanimTests;
			productReference = D4C3697627066FC000C36D03 /* ParshanimTests.xctest */;
			productType = "com.apple.product-type.bundle.unit-test";
		};
		D4C3698027066FC000C36D03 /* ParshanimUITests */ = {
			isa = PBXNativeTarget;
			buildConfigurationList = D4C3699027066FC000C36D03 /* Build configuration list for PBXNativeTarget "ParshanimUITests" */;
			buildPhases = (
				A3DD28812533B5856DABF6E6 /* [CP] Check Pods Manifest.lock */,
				D4C3697D27066FC000C36D03 /* Sources */,
				D4C3697E27066FC000C36D03 /* Frameworks */,
				D4C3697F27066FC000C36D03 /* Resources */,
				7E0FD441DD7AF0D515B1391E /* [CP] Embed Pods Frameworks */,
			);
			buildRules = (
			);
			dependencies = (
				D4C3698327066FC000C36D03 /* PBXTargetDependency */,
			);
			name = ParshanimUITests;
			productName = ParshanimUITests;
			productReference = D4C3698127066FC000C36D03 /* ParshanimUITests.xctest */;
			productType = "com.apple.product-type.bundle.ui-testing";
		};
/* End PBXNativeTarget section */

/* Begin PBXProject section */
		D4C3695D27066FC000C36D03 /* Project object */ = {
			isa = PBXProject;
			attributes = {
				LastSwiftUpdateCheck = 1250;
				LastUpgradeCheck = 1250;
				TargetAttributes = {
					D4C3696427066FC000C36D03 = {
						CreatedOnToolsVersion = 12.5.1;
					};
					D4C3697527066FC000C36D03 = {
						CreatedOnToolsVersion = 12.5.1;
						TestTargetID = D4C3696427066FC000C36D03;
					};
					D4C3698027066FC000C36D03 = {
						CreatedOnToolsVersion = 12.5.1;
						TestTargetID = D4C3696427066FC000C36D03;
					};
				};
			};
			buildConfigurationList = D4C3696027066FC000C36D03 /* Build configuration list for PBXProject "Parshanim" */;
			compatibilityVersion = "Xcode 9.3";
			developmentRegion = en;
			hasScannedForEncodings = 0;
			knownRegions = (
				en,
				Base,
			);
			mainGroup = D4C3695C27066FC000C36D03;
			productRefGroup = D4C3696627066FC000C36D03 /* Products */;
			projectDirPath = "";
			projectRoot = "";
			targets = (
				D4C3696427066FC000C36D03 /* Parshanim */,
				D4C3697527066FC000C36D03 /* ParshanimTests */,
				D4C3698027066FC000C36D03 /* ParshanimUITests */,
			);
		};
/* End PBXProject section */

/* Begin PBXResourcesBuildPhase section */
		D4C3696327066FC000C36D03 /* Resources */ = {
			isa = PBXResourcesBuildPhase;
			buildActionMask = 2147483647;
			files = (
				D4C369AC2713ABEB00C36D03 /* DivreToire.json in Resources */,
				D4C3697027066FC000C36D03 /* Preview Assets.xcassets in Resources */,
				D47277BE273C262D00F98936 /* GoogleService-Info.plist in Resources */,
				D4C36994270677F200C36D03 /* ParashaList.json in Resources */,
				D4C3696D27066FC000C36D03 /* Assets.xcassets in Resources */,
			);
			runOnlyForDeploymentPostprocessing = 0;
		};
		D4C3697427066FC000C36D03 /* Resources */ = {
			isa = PBXResourcesBuildPhase;
			buildActionMask = 2147483647;
			files = (
			);
			runOnlyForDeploymentPostprocessing = 0;
		};
		D4C3697F27066FC000C36D03 /* Resources */ = {
			isa = PBXResourcesBuildPhase;
			buildActionMask = 2147483647;
			files = (
			);
			runOnlyForDeploymentPostprocessing = 0;
		};
/* End PBXResourcesBuildPhase section */

/* Begin PBXShellScriptBuildPhase section */
		31032C39EAA68B6706E99B9A /* [CP] Check Pods Manifest.lock */ = {
			isa = PBXShellScriptBuildPhase;
			buildActionMask = 2147483647;
			files = (
			);
			inputFileListPaths = (
			);
			inputPaths = (
				"${PODS_PODFILE_DIR_PATH}/Podfile.lock",
				"${PODS_ROOT}/Manifest.lock",
			);
			name = "[CP] Check Pods Manifest.lock";
			outputFileListPaths = (
			);
			outputPaths = (
				"$(DERIVED_FILE_DIR)/Pods-ParshanimTests-checkManifestLockResult.txt",
			);
			runOnlyForDeploymentPostprocessing = 0;
			shellPath = /bin/sh;
			shellScript = "diff \"${PODS_PODFILE_DIR_PATH}/Podfile.lock\" \"${PODS_ROOT}/Manifest.lock\" > /dev/null\nif [ $? != 0 ] ; then\n    # print error to STDERR\n    echo \"error: The sandbox is not in sync with the Podfile.lock. Run 'pod install' or update your CocoaPods installation.\" >&2\n    exit 1\nfi\n# This output is used by Xcode 'outputs' to avoid re-running this script phase.\necho \"SUCCESS\" > \"${SCRIPT_OUTPUT_FILE_0}\"\n";
			showEnvVarsInLog = 0;
		};
		4E8B9E2B9739160D97FBA48A /* [CP] Check Pods Manifest.lock */ = {
			isa = PBXShellScriptBuildPhase;
			buildActionMask = 2147483647;
			files = (
			);
			inputFileListPaths = (
			);
			inputPaths = (
				"${PODS_PODFILE_DIR_PATH}/Podfile.lock",
				"${PODS_ROOT}/Manifest.lock",
			);
			name = "[CP] Check Pods Manifest.lock";
			outputFileListPaths = (
			);
			outputPaths = (
				"$(DERIVED_FILE_DIR)/Pods-Parshanim-checkManifestLockResult.txt",
			);
			runOnlyForDeploymentPostprocessing = 0;
			shellPath = /bin/sh;
			shellScript = "diff \"${PODS_PODFILE_DIR_PATH}/Podfile.lock\" \"${PODS_ROOT}/Manifest.lock\" > /dev/null\nif [ $? != 0 ] ; then\n    # print error to STDERR\n    echo \"error: The sandbox is not in sync with the Podfile.lock. Run 'pod install' or update your CocoaPods installation.\" >&2\n    exit 1\nfi\n# This output is used by Xcode 'outputs' to avoid re-running this script phase.\necho \"SUCCESS\" > \"${SCRIPT_OUTPUT_FILE_0}\"\n";
			showEnvVarsInLog = 0;
		};
		7E0FD441DD7AF0D515B1391E /* [CP] Embed Pods Frameworks */ = {
			isa = PBXShellScriptBuildPhase;
			buildActionMask = 2147483647;
			files = (
			);
			inputFileListPaths = (
				"${PODS_ROOT}/Target Support Files/Pods-Parshanim-ParshanimUITests/Pods-Parshanim-ParshanimUITests-frameworks-${CONFIGURATION}-input-files.xcfilelist",
			);
			name = "[CP] Embed Pods Frameworks";
			outputFileListPaths = (
				"${PODS_ROOT}/Target Support Files/Pods-Parshanim-ParshanimUITests/Pods-Parshanim-ParshanimUITests-frameworks-${CONFIGURATION}-output-files.xcfilelist",
			);
			runOnlyForDeploymentPostprocessing = 0;
			shellPath = /bin/sh;
			shellScript = "\"${PODS_ROOT}/Target Support Files/Pods-Parshanim-ParshanimUITests/Pods-Parshanim-ParshanimUITests-frameworks.sh\"\n";
			showEnvVarsInLog = 0;
		};
		9780CB08D1EEBC3A3D37E55A /* [CP] Embed Pods Frameworks */ = {
			isa = PBXShellScriptBuildPhase;
			buildActionMask = 2147483647;
			files = (
			);
			inputFileListPaths = (
				"${PODS_ROOT}/Target Support Files/Pods-Parshanim/Pods-Parshanim-frameworks-${CONFIGURATION}-input-files.xcfilelist",
			);
			name = "[CP] Embed Pods Frameworks";
			outputFileListPaths = (
				"${PODS_ROOT}/Target Support Files/Pods-Parshanim/Pods-Parshanim-frameworks-${CONFIGURATION}-output-files.xcfilelist",
			);
			runOnlyForDeploymentPostprocessing = 0;
			shellPath = /bin/sh;
			shellScript = "\"${PODS_ROOT}/Target Support Files/Pods-Parshanim/Pods-Parshanim-frameworks.sh\"\n";
			showEnvVarsInLog = 0;
		};
		A3DD28812533B5856DABF6E6 /* [CP] Check Pods Manifest.lock */ = {
			isa = PBXShellScriptBuildPhase;
			buildActionMask = 2147483647;
			files = (
			);
			inputFileListPaths = (
			);
			inputPaths = (
				"${PODS_PODFILE_DIR_PATH}/Podfile.lock",
				"${PODS_ROOT}/Manifest.lock",
			);
			name = "[CP] Check Pods Manifest.lock";
			outputFileListPaths = (
			);
			outputPaths = (
				"$(DERIVED_FILE_DIR)/Pods-Parshanim-ParshanimUITests-checkManifestLockResult.txt",
			);
			runOnlyForDeploymentPostprocessing = 0;
			shellPath = /bin/sh;
			shellScript = "diff \"${PODS_PODFILE_DIR_PATH}/Podfile.lock\" \"${PODS_ROOT}/Manifest.lock\" > /dev/null\nif [ $? != 0 ] ; then\n    # print error to STDERR\n    echo \"error: The sandbox is not in sync with the Podfile.lock. Run 'pod install' or update your CocoaPods installation.\" >&2\n    exit 1\nfi\n# This output is used by Xcode 'outputs' to avoid re-running this script phase.\necho \"SUCCESS\" > \"${SCRIPT_OUTPUT_FILE_0}\"\n";
			showEnvVarsInLog = 0;
		};
/* End PBXShellScriptBuildPhase section */

/* Begin PBXSourcesBuildPhase section */
		D4C3696127066FC000C36D03 /* Sources */ = {
			isa = PBXSourcesBuildPhase;
			buildActionMask = 2147483647;
			files = (
				D4C369A627125D0700C36D03 /* ParashaDetailView.swift in Sources */,
				D4C369A4270A1C0C00C36D03 /* SettingsView.swift in Sources */,
				D4C3696B27066FC000C36D03 /* ContentView.swift in Sources */,
				D47277B4272A031000F98936 /* ComposeView.swift in Sources */,
				D4C369982706798500C36D03 /* MainView.swift in Sources */,
				D4C3699F27067B5400C36D03 /* CodeableBundleExtension.swift in Sources */,
				D4C3699C27067A7100C36D03 /* Parshiot.swift in Sources */,
				D4C3699A27067A0300C36D03 /* FriendsView.swift in Sources */,
				D4C369A92713A61A00C36D03 /* DvarToire.swift in Sources */,
				D420B2AD271EC00A00DFF878 /* User.swift in Sources */,
				D47277BC272E0B1000F98936 /* Helper.swift in Sources */,
				D4C3696927066FC000C36D03 /* ParshanimApp.swift in Sources */,
				D47277B7272E063D00F98936 /* Constants.swift in Sources */,
			);
			runOnlyForDeploymentPostprocessing = 0;
		};
		D4C3697227066FC000C36D03 /* Sources */ = {
			isa = PBXSourcesBuildPhase;
			buildActionMask = 2147483647;
			files = (
				D4C3697B27066FC000C36D03 /* ParshanimTests.swift in Sources */,
			);
			runOnlyForDeploymentPostprocessing = 0;
		};
		D4C3697D27066FC000C36D03 /* Sources */ = {
			isa = PBXSourcesBuildPhase;
			buildActionMask = 2147483647;
			files = (
				D4C3698627066FC000C36D03 /* ParshanimUITests.swift in Sources */,
			);
			runOnlyForDeploymentPostprocessing = 0;
		};
/* End PBXSourcesBuildPhase section */

/* Begin PBXTargetDependency section */
		D4C3697827066FC000C36D03 /* PBXTargetDependency */ = {
			isa = PBXTargetDependency;
			target = D4C3696427066FC000C36D03 /* Parshanim */;
			targetProxy = D4C3697727066FC000C36D03 /* PBXContainerItemProxy */;
		};
		D4C3698327066FC000C36D03 /* PBXTargetDependency */ = {
			isa = PBXTargetDependency;
			target = D4C3696427066FC000C36D03 /* Parshanim */;
			targetProxy = D4C3698227066FC000C36D03 /* PBXContainerItemProxy */;
		};
/* End PBXTargetDependency section */

/* Begin XCBuildConfiguration section */
		D4C3698827066FC000C36D03 /* Debug */ = {
			isa = XCBuildConfiguration;
			buildSettings = {
				ALWAYS_SEARCH_USER_PATHS = NO;
				CLANG_ANALYZER_NONNULL = YES;
				CLANG_ANALYZER_NUMBER_OBJECT_CONVERSION = YES_AGGRESSIVE;
				CLANG_CXX_LANGUAGE_STANDARD = "gnu++14";
				CLANG_CXX_LIBRARY = "libc++";
				CLANG_ENABLE_MODULES = YES;
				CLANG_ENABLE_OBJC_ARC = YES;
				CLANG_ENABLE_OBJC_WEAK = YES;
				CLANG_WARN_BLOCK_CAPTURE_AUTORELEASING = YES;
				CLANG_WARN_BOOL_CONVERSION = YES;
				CLANG_WARN_COMMA = YES;
				CLANG_WARN_CONSTANT_CONVERSION = YES;
				CLANG_WARN_DEPRECATED_OBJC_IMPLEMENTATIONS = YES;
				CLANG_WARN_DIRECT_OBJC_ISA_USAGE = YES_ERROR;
				CLANG_WARN_DOCUMENTATION_COMMENTS = YES;
				CLANG_WARN_EMPTY_BODY = YES;
				CLANG_WARN_ENUM_CONVERSION = YES;
				CLANG_WARN_INFINITE_RECURSION = YES;
				CLANG_WARN_INT_CONVERSION = YES;
				CLANG_WARN_NON_LITERAL_NULL_CONVERSION = YES;
				CLANG_WARN_OBJC_IMPLICIT_RETAIN_SELF = YES;
				CLANG_WARN_OBJC_LITERAL_CONVERSION = YES;
				CLANG_WARN_OBJC_ROOT_CLASS = YES_ERROR;
				CLANG_WARN_QUOTED_INCLUDE_IN_FRAMEWORK_HEADER = YES;
				CLANG_WARN_RANGE_LOOP_ANALYSIS = YES;
				CLANG_WARN_STRICT_PROTOTYPES = YES;
				CLANG_WARN_SUSPICIOUS_MOVE = YES;
				CLANG_WARN_UNGUARDED_AVAILABILITY = YES_AGGRESSIVE;
				CLANG_WARN_UNREACHABLE_CODE = YES;
				CLANG_WARN__DUPLICATE_METHOD_MATCH = YES;
				COPY_PHASE_STRIP = NO;
				DEBUG_INFORMATION_FORMAT = dwarf;
				ENABLE_STRICT_OBJC_MSGSEND = YES;
				ENABLE_TESTABILITY = YES;
				GCC_C_LANGUAGE_STANDARD = gnu11;
				GCC_DYNAMIC_NO_PIC = NO;
				GCC_NO_COMMON_BLOCKS = YES;
				GCC_OPTIMIZATION_LEVEL = 0;
				GCC_PREPROCESSOR_DEFINITIONS = (
					"DEBUG=1",
					"$(inherited)",
				);
				GCC_WARN_64_TO_32_BIT_CONVERSION = YES;
				GCC_WARN_ABOUT_RETURN_TYPE = YES_ERROR;
				GCC_WARN_UNDECLARED_SELECTOR = YES;
				GCC_WARN_UNINITIALIZED_AUTOS = YES_AGGRESSIVE;
				GCC_WARN_UNUSED_FUNCTION = YES;
				GCC_WARN_UNUSED_VARIABLE = YES;
				IPHONEOS_DEPLOYMENT_TARGET = 14.5;
				MTL_ENABLE_DEBUG_INFO = INCLUDE_SOURCE;
				MTL_FAST_MATH = YES;
				ONLY_ACTIVE_ARCH = YES;
				SDKROOT = iphoneos;
				SWIFT_ACTIVE_COMPILATION_CONDITIONS = DEBUG;
				SWIFT_OPTIMIZATION_LEVEL = "-Onone";
			};
			name = Debug;
		};
		D4C3698927066FC000C36D03 /* Release */ = {
			isa = XCBuildConfiguration;
			buildSettings = {
				ALWAYS_SEARCH_USER_PATHS = NO;
				CLANG_ANALYZER_NONNULL = YES;
				CLANG_ANALYZER_NUMBER_OBJECT_CONVERSION = YES_AGGRESSIVE;
				CLANG_CXX_LANGUAGE_STANDARD = "gnu++14";
				CLANG_CXX_LIBRARY = "libc++";
				CLANG_ENABLE_MODULES = YES;
				CLANG_ENABLE_OBJC_ARC = YES;
				CLANG_ENABLE_OBJC_WEAK = YES;
				CLANG_WARN_BLOCK_CAPTURE_AUTORELEASING = YES;
				CLANG_WARN_BOOL_CONVERSION = YES;
				CLANG_WARN_COMMA = YES;
				CLANG_WARN_CONSTANT_CONVERSION = YES;
				CLANG_WARN_DEPRECATED_OBJC_IMPLEMENTATIONS = YES;
				CLANG_WARN_DIRECT_OBJC_ISA_USAGE = YES_ERROR;
				CLANG_WARN_DOCUMENTATION_COMMENTS = YES;
				CLANG_WARN_EMPTY_BODY = YES;
				CLANG_WARN_ENUM_CONVERSION = YES;
				CLANG_WARN_INFINITE_RECURSION = YES;
				CLANG_WARN_INT_CONVERSION = YES;
				CLANG_WARN_NON_LITERAL_NULL_CONVERSION = YES;
				CLANG_WARN_OBJC_IMPLICIT_RETAIN_SELF = YES;
				CLANG_WARN_OBJC_LITERAL_CONVERSION = YES;
				CLANG_WARN_OBJC_ROOT_CLASS = YES_ERROR;
				CLANG_WARN_QUOTED_INCLUDE_IN_FRAMEWORK_HEADER = YES;
				CLANG_WARN_RANGE_LOOP_ANALYSIS = YES;
				CLANG_WARN_STRICT_PROTOTYPES = YES;
				CLANG_WARN_SUSPICIOUS_MOVE = YES;
				CLANG_WARN_UNGUARDED_AVAILABILITY = YES_AGGRESSIVE;
				CLANG_WARN_UNREACHABLE_CODE = YES;
				CLANG_WARN__DUPLICATE_METHOD_MATCH = YES;
				COPY_PHASE_STRIP = NO;
				DEBUG_INFORMATION_FORMAT = "dwarf-with-dsym";
				ENABLE_NS_ASSERTIONS = NO;
				ENABLE_STRICT_OBJC_MSGSEND = YES;
				GCC_C_LANGUAGE_STANDARD = gnu11;
				GCC_NO_COMMON_BLOCKS = YES;
				GCC_WARN_64_TO_32_BIT_CONVERSION = YES;
				GCC_WARN_ABOUT_RETURN_TYPE = YES_ERROR;
				GCC_WARN_UNDECLARED_SELECTOR = YES;
				GCC_WARN_UNINITIALIZED_AUTOS = YES_AGGRESSIVE;
				GCC_WARN_UNUSED_FUNCTION = YES;
				GCC_WARN_UNUSED_VARIABLE = YES;
				IPHONEOS_DEPLOYMENT_TARGET = 14.5;
				MTL_ENABLE_DEBUG_INFO = NO;
				MTL_FAST_MATH = YES;
				SDKROOT = iphoneos;
				SWIFT_COMPILATION_MODE = wholemodule;
				SWIFT_OPTIMIZATION_LEVEL = "-O";
				VALIDATE_PRODUCT = YES;
			};
			name = Release;
		};
		D4C3698B27066FC000C36D03 /* Debug */ = {
			isa = XCBuildConfiguration;
			baseConfigurationReference = AFF5CD6CF9AE0E522CE761B1 /* Pods-Parshanim.debug.xcconfig */;
			buildSettings = {
				ASSETCATALOG_COMPILER_APPICON_NAME = AppIcon;
				ASSETCATALOG_COMPILER_GLOBAL_ACCENT_COLOR_NAME = AccentColor;
				CODE_SIGN_STYLE = Automatic;
				DEVELOPMENT_ASSET_PATHS = "\"Parshanim/Preview Content\"";
				DEVELOPMENT_TEAM = 35LTRT59ET;
				ENABLE_PREVIEWS = YES;
				INFOPLIST_FILE = Parshanim/Info.plist;
				IPHONEOS_DEPLOYMENT_TARGET = 14.1;
				LD_RUNPATH_SEARCH_PATHS = (
					"$(inherited)",
					"@executable_path/Frameworks",
				);
				PRODUCT_BUNDLE_IDENTIFIER = com.sarosi.Parshanim;
				PRODUCT_NAME = "$(TARGET_NAME)";
				SWIFT_VERSION = 5.0;
				TARGETED_DEVICE_FAMILY = "1,2";
			};
			name = Debug;
		};
		D4C3698C27066FC000C36D03 /* Release */ = {
			isa = XCBuildConfiguration;
			baseConfigurationReference = 2F99846948E221C7673B2288 /* Pods-Parshanim.release.xcconfig */;
			buildSettings = {
				ASSETCATALOG_COMPILER_APPICON_NAME = AppIcon;
				ASSETCATALOG_COMPILER_GLOBAL_ACCENT_COLOR_NAME = AccentColor;
				CODE_SIGN_STYLE = Automatic;
				DEVELOPMENT_ASSET_PATHS = "\"Parshanim/Preview Content\"";
				DEVELOPMENT_TEAM = 35LTRT59ET;
				ENABLE_PREVIEWS = YES;
				INFOPLIST_FILE = Parshanim/Info.plist;
				IPHONEOS_DEPLOYMENT_TARGET = 14.1;
				LD_RUNPATH_SEARCH_PATHS = (
					"$(inherited)",
					"@executable_path/Frameworks",
				);
				PRODUCT_BUNDLE_IDENTIFIER = com.sarosi.Parshanim;
				PRODUCT_NAME = "$(TARGET_NAME)";
				SWIFT_VERSION = 5.0;
				TARGETED_DEVICE_FAMILY = "1,2";
			};
			name = Release;
		};
		D4C3698E27066FC000C36D03 /* Debug */ = {
			isa = XCBuildConfiguration;
			baseConfigurationReference = 29077F52B7F83F1BBB8BE117 /* Pods-ParshanimTests.debug.xcconfig */;
			buildSettings = {
				ALWAYS_EMBED_SWIFT_STANDARD_LIBRARIES = YES;
				BUNDLE_LOADER = "$(TEST_HOST)";
				CODE_SIGN_STYLE = Automatic;
				DEVELOPMENT_TEAM = 35LTRT59ET;
				INFOPLIST_FILE = ParshanimTests/Info.plist;
				IPHONEOS_DEPLOYMENT_TARGET = 14.0;
				LD_RUNPATH_SEARCH_PATHS = (
					"$(inherited)",
					"@executable_path/Frameworks",
					"@loader_path/Frameworks",
				);
				PRODUCT_BUNDLE_IDENTIFIER = com.sarosi.ParshanimTests;
				PRODUCT_NAME = "$(TARGET_NAME)";
				SWIFT_VERSION = 5.0;
				TARGETED_DEVICE_FAMILY = "1,2";
				TEST_HOST = "$(BUILT_PRODUCTS_DIR)/Parshanim.app/Parshanim";
			};
			name = Debug;
		};
		D4C3698F27066FC000C36D03 /* Release */ = {
			isa = XCBuildConfiguration;
			baseConfigurationReference = 704BE083BFC86B07F4542D79 /* Pods-ParshanimTests.release.xcconfig */;
			buildSettings = {
				ALWAYS_EMBED_SWIFT_STANDARD_LIBRARIES = YES;
				BUNDLE_LOADER = "$(TEST_HOST)";
				CODE_SIGN_STYLE = Automatic;
				DEVELOPMENT_TEAM = 35LTRT59ET;
				INFOPLIST_FILE = ParshanimTests/Info.plist;
				IPHONEOS_DEPLOYMENT_TARGET = 14.0;
				LD_RUNPATH_SEARCH_PATHS = (
					"$(inherited)",
					"@executable_path/Frameworks",
					"@loader_path/Frameworks",
				);
				PRODUCT_BUNDLE_IDENTIFIER = com.sarosi.ParshanimTests;
				PRODUCT_NAME = "$(TARGET_NAME)";
				SWIFT_VERSION = 5.0;
				TARGETED_DEVICE_FAMILY = "1,2";
				TEST_HOST = "$(BUILT_PRODUCTS_DIR)/Parshanim.app/Parshanim";
			};
			name = Release;
		};
		D4C3699127066FC000C36D03 /* Debug */ = {
			isa = XCBuildConfiguration;
			baseConfigurationReference = 53FD5D972685CD014C41A19F /* Pods-Parshanim-ParshanimUITests.debug.xcconfig */;
			buildSettings = {
				ALWAYS_EMBED_SWIFT_STANDARD_LIBRARIES = YES;
				CODE_SIGN_STYLE = Automatic;
				DEVELOPMENT_TEAM = 35LTRT59ET;
				INFOPLIST_FILE = ParshanimUITests/Info.plist;
				LD_RUNPATH_SEARCH_PATHS = (
					"$(inherited)",
					"@executable_path/Frameworks",
					"@loader_path/Frameworks",
				);
				PRODUCT_BUNDLE_IDENTIFIER = com.sarosi.ParshanimUITests;
				PRODUCT_NAME = "$(TARGET_NAME)";
				SWIFT_VERSION = 5.0;
				TARGETED_DEVICE_FAMILY = "1,2";
				TEST_TARGET_NAME = Parshanim;
			};
			name = Debug;
		};
		D4C3699227066FC000C36D03 /* Release */ = {
			isa = XCBuildConfiguration;
			baseConfigurationReference = 75E0EFE3722CC7D560D92478 /* Pods-Parshanim-ParshanimUITests.release.xcconfig */;
			buildSettings = {
				ALWAYS_EMBED_SWIFT_STANDARD_LIBRARIES = YES;
				CODE_SIGN_STYLE = Automatic;
				DEVELOPMENT_TEAM = 35LTRT59ET;
				INFOPLIST_FILE = ParshanimUITests/Info.plist;
				LD_RUNPATH_SEARCH_PATHS = (
					"$(inherited)",
					"@executable_path/Frameworks",
					"@loader_path/Frameworks",
				);
				PRODUCT_BUNDLE_IDENTIFIER = com.sarosi.ParshanimUITests;
				PRODUCT_NAME = "$(TARGET_NAME)";
				SWIFT_VERSION = 5.0;
				TARGETED_DEVICE_FAMILY = "1,2";
				TEST_TARGET_NAME = Parshanim;
			};
			name = Release;
		};
/* End XCBuildConfiguration section */

/* Begin XCConfigurationList section */
		D4C3696027066FC000C36D03 /* Build configuration list for PBXProject "Parshanim" */ = {
			isa = XCConfigurationList;
			buildConfigurations = (
				D4C3698827066FC000C36D03 /* Debug */,
				D4C3698927066FC000C36D03 /* Release */,
			);
			defaultConfigurationIsVisible = 0;
			defaultConfigurationName = Release;
		};
		D4C3698A27066FC000C36D03 /* Build configuration list for PBXNativeTarget "Parshanim" */ = {
			isa = XCConfigurationList;
			buildConfigurations = (
				D4C3698B27066FC000C36D03 /* Debug */,
				D4C3698C27066FC000C36D03 /* Release */,
			);
			defaultConfigurationIsVisible = 0;
			defaultConfigurationName = Release;
		};
		D4C3698D27066FC000C36D03 /* Build configuration list for PBXNativeTarget "ParshanimTests" */ = {
			isa = XCConfigurationList;
			buildConfigurations = (
				D4C3698E27066FC000C36D03 /* Debug */,
				D4C3698F27066FC000C36D03 /* Release */,
			);
			defaultConfigurationIsVisible = 0;
			defaultConfigurationName = Release;
		};
		D4C3699027066FC000C36D03 /* Build configuration list for PBXNativeTarget "ParshanimUITests" */ = {
			isa = XCConfigurationList;
			buildConfigurations = (
				D4C3699127066FC000C36D03 /* Debug */,
				D4C3699227066FC000C36D03 /* Release */,
			);
			defaultConfigurationIsVisible = 0;
			defaultConfigurationName = Release;
		};
/* End XCConfigurationList section */
	};
	rootObject = D4C3695D27066FC000C36D03 /* Project object */;
}
